
Microsoft Visual Studio Solution File, Format Version 12.00
# Visual Studio Version 17
VisualStudioVersion = 17.7.34024.191
MinimumVisualStudioVersion = 10.0.40219.1
Project("{FAE04EC0-301F-11D3-BF4B-00C04F79EFBC}") = "WebServer", "WebServer.csproj", "{D70F3298-74F7-4E0B-B7DF-DC3DA39EF074}"
EndProject
Global
	GlobalSection(SolutionConfigurationPlatforms) = preSolution
		Debug|Any CPU = Debug|Any CPU
		Release|Any CPU = Release|Any CPU
	EndGlobalSection
	GlobalSection(ProjectConfigurationPlatforms) = postSolution
		{D70F3298-74F7-4E0B-B7DF-DC3DA39EF074}.Debug|Any CPU.ActiveCfg = Debug|Any CPU
		{D70F3298-74F7-4E0B-B7DF-DC3DA39EF074}.Debug|Any CPU.Build.0 = Debug|Any CPU
		{D70F3298-74F7-4E0B-B7DF-DC3DA39EF074}.Release|Any CPU.ActiveCfg = Release|Any CPU
		{D70F3298-74F7-4E0B-B7DF-DC3DA39EF074}.Release|Any CPU.Build.0 = Release|Any CPU
	EndGlobalSection
	GlobalSection(SolutionProperties) = preSolution
		HideSolutionNode = FALSE
	EndGlobalSection
	GlobalSection(ExtensibilityGlobals) = postSolution
		SolutionGuid = {BE64EA93-184B-45D7-95B4-C1323C65B678}
	EndGlobalSection
EndGlobal
